{
  "nodes": {
    "alex": {
      "inputs": {
        "flake-utils": "flake-utils",
        "nixpkgs": "nixpkgs",
        "nixpkgs-python": "nixpkgs-python"
      },
      "locked": {
        "lastModified": 1727894075,
        "owner": "AlexanderGrooff",
        "repo": "nix-flakes",
        "rev": "248ec1e226de7e3cd86092312910158c1fea3402",
        "type": "github"
      },
      "original": {
        "owner": "AlexanderGrooff",
        "repo": "nix-flakes",
        "type": "github"
      }
    },
    "devenv": {
      "locked": {
        "dir": "src/modules",
        "lastModified": 1764449550,
        "owner": "cachix",
        "repo": "devenv",
        "rev": "dfb58ac03bed07b93f629df55034bc50394d3971",
        "type": "github"
      },
      "original": {
        "dir": "src/modules",
        "owner": "cachix",
        "repo": "devenv",
        "type": "github"
      }
    },
    "flake-compat": {
      "flake": false,
      "locked": {
        "lastModified": 1761588595,
        "owner": "edolstra",
        "repo": "flake-compat",
        "rev": "f387cd2afec9419c8ee37694406ca490c3f34ee5",
        "type": "github"
      },
      "original": {
        "owner": "edolstra",
        "repo": "flake-compat",
        "type": "github"
      }
    },
    "flake-compat_2": {
      "flake": false,
      "locked": {
        "lastModified": 1765121682,
        "owner": "edolstra",
        "repo": "flake-compat",
        "rev": "65f23138d8d09a92e30f1e5c87611b23ef451bf3",
        "type": "github"
      },
      "original": {
        "owner": "edolstra",
        "repo": "flake-compat",
        "type": "github"
      }
    },
    "flake-utils": {
      "inputs": {
        "systems": "systems"
      },
      "locked": {
        "lastModified": 1731533236,
        "owner": "numtide",
        "repo": "flake-utils",
        "rev": "11707dc2f618dd54ca8739b309ec4fc024de578b",
        "type": "github"
      },
      "original": {
        "owner": "numtide",
        "repo": "flake-utils",
        "type": "github"
      }
    },
    "flake-utils_2": {
      "inputs": {
        "systems": "systems_2"
      },
      "locked": {
        "lastModified": 1731533236,
        "owner": "numtide",
        "repo": "flake-utils",
        "rev": "11707dc2f618dd54ca8739b309ec4fc024de578b",
        "type": "github"
      },
      "original": {
        "id": "flake-utils",
        "type": "indirect"
      }
    },
    "git-hooks": {
      "inputs": {
        "flake-compat": "flake-compat",
        "gitignore": "gitignore",
        "nixpkgs": [
          "nixpkgs"
        ]
      },
      "locked": {
        "lastModified": 1763988335,
        "owner": "cachix",
        "repo": "git-hooks.nix",
        "rev": "50b9238891e388c9fdc6a5c49e49c42533a1b5ce",
        "type": "github"
      },
      "original": {
        "owner": "cachix",
        "repo": "git-hooks.nix",
        "type": "github"
      }
    },
    "gitignore": {
      "inputs": {
        "nixpkgs": [
          "git-hooks",
          "nixpkgs"
        ]
      },
      "locked": {
        "lastModified": 1762808025,
        "owner": "hercules-ci",
        "repo": "gitignore.nix",
        "rev": "cb5e3fdca1de58ccbc3ef53de65bd372b48f567c",
        "type": "github"
      },
      "original": {
        "owner": "hercules-ci",
        "repo": "gitignore.nix",
        "type": "github"
      }
    },
    "mermaid-ascii": {
      "inputs": {
        "alex": "alex",
        "flake-utils": "flake-utils_2",
        "nixpkgs": "nixpkgs_3"
      },
      "locked": {
        "lastModified": 1765397378,
        "owner": "AlexanderGrooff",
        "repo": "mermaid-ascii",
        "rev": "ec72178964a87c3068c3bb0588d79dd1b895b218",
        "type": "github"
      },
      "original": {
        "owner": "AlexanderGrooff",
        "repo": "mermaid-ascii",
        "type": "github"
      }
    },
    "nixpkgs": {
      "locked": {
        "lastModified": 1765638360,
        "owner": "NixOS",
        "repo": "nixpkgs",
        "rev": "069f0bfffd0e945fb522fda3adeef3b060b5a09a",
        "type": "github"
      },
      "original": {
        "owner": "NixOS",
        "repo": "nixpkgs",
        "type": "github"
      }
    },
    "nixpkgs-python": {
      "inputs": {
        "flake-compat": "flake-compat_2",
        "nixpkgs": "nixpkgs_2"
      },
      "locked": {
        "lastModified": 1765052656,
        "owner": "cachix",
        "repo": "nixpkgs-python",
        "rev": "04b27dbad2e004cb237db202f21154eea3c4f89f",
        "type": "github"
      },
      "original": {
        "owner": "cachix",
        "repo": "nixpkgs-python",
        "type": "github"
      }
    },
    "nixpkgs_2": {
      "locked": {
        "lastModified": 1765363881,
        "owner": "NixOS",
        "repo": "nixpkgs",
        "rev": "d2b1213bf5ec5e62d96b003ab4b5cbc42abfc0d0",
        "type": "github"
      },
      "original": {
        "owner": "NixOS",
        "ref": "nixos-25.05",
        "repo": "nixpkgs",
        "type": "github"
      }
    },
    "nixpkgs_3": {
      "locked": {
        "lastModified": 1765425892,
        "owner": "NixOS",
        "repo": "nixpkgs",
        "rev": "5d6bdbddb4695a62f0d00a3620b37a15275a5093",
        "type": "github"
      },
      "original": {
        "id": "nixpkgs",
        "type": "indirect"
      }
    },
    "nixpkgs_4": {
      "locked": {
        "lastModified": 1761313199,
        "owner": "cachix",
        "repo": "devenv-nixpkgs",
        "rev": "d1c30452ebecfc55185ae6d1c983c09da0c274ff",
        "type": "github"
      },
      "original": {
        "owner": "cachix",
        "ref": "rolling",
        "repo": "devenv-nixpkgs",
        "type": "github"
      }
    },
    "root": {
      "inputs": {
        "devenv": "devenv",
        "git-hooks": "git-hooks",
        "mermaid-ascii": "mermaid-ascii",
        "nixpkgs": "nixpkgs_4",
        "pre-commit-hooks": [
          "git-hooks"
        ]
      }
    },
    "systems": {
      "locked": {
        "lastModified": 1681028828,
        "owner": "nix-systems",
        "repo": "default",
        "rev": "da67096a3b9bf56a91d16901293e51ba5b49a27e",
        "type": "github"
      },
      "original": {
        "owner": "nix-systems",
        "repo": "default",
        "type": "github"
      }
    },
    "systems_2": {
      "locked": {
        "lastModified": 1681028828,
        "owner": "nix-systems",
        "repo": "default",
        "rev": "da67096a3b9bf56a91d16901293e51ba5b49a27e",
        "type": "github"
      },
      "original": {
        "owner": "nix-systems",
        "repo": "default",
        "type": "github"
      }
    }
  },
  "root": "root",
  "version": 7
}
